Microsoft Visual Studio Solution File, Format Version 12.00
# Visual Studio Version 17
VisualStudioVersion = 17.5.2.0
MinimumVisualStudioVersion = 10.0.40219.1
Project("{FAE04EC0-301F-11D3-BF4B-00C04F79EFBC}") = "Post34", "Post34.csproj", "{752858A2-1594-5326-C5DE-BFE517863C91}"
EndProject
Global
	GlobalSection(SolutionConfigurationPlatforms) = preSolution
		Debug|Any CPU = Debug|Any CPU
		Release|Any CPU = Release|Any CPU
	EndGlobalSection
	GlobalSection(ProjectConfigurationPlatforms) = postSolution
		{752858A2-1594-5326-C5DE-BFE517863C91}.Debug|Any CPU.ActiveCfg = Debug|Any CPU
		{752858A2-1594-5326-C5DE-BFE517863C91}.Debug|Any CPU.Build.0 = Debug|Any CPU
		{752858A2-1594-5326-C5DE-BFE517863C91}.Release|Any CPU.ActiveCfg = Release|Any CPU
		{752858A2-1594-5326-C5DE-BFE517863C91}.Release|Any CPU.Build.0 = Release|Any CPU
	EndGlobalSection
	GlobalSection(SolutionProperties) = preSolution
		HideSolutionNode = FALSE
	EndGlobalSection
	GlobalSection(ExtensibilityGlobals) = postSolution
		SolutionGuid = {4FEF8717-4CE8-46CA-9096-50FA0EA605F2}
	EndGlobalSection
EndGlobal
